
Microsoft Visual Studio Solution File, Format Version 12.00
# Visual Studio Version 17
VisualStudioVersion = 17.0.31903.59
MinimumVisualStudioVersion = 10.0.40219.1
Project("{2150E333-8FDC-42A3-9474-1A3956D46DE8}") = "src", "src", "{03BC87AE-8BF1-424A-ACC9-17588FD5A116}"
EndProject
Project("{FAE04EC0-301F-11D3-BF4B-00C04F79EFBC}") = "DeliTrack.Api", "src\DeliTrack.Api\DeliTrack.Api.csproj", "{8FCE0359-6BC4-4FD1-BE04-E0AC5C7797D8}"
EndProject
Global
	GlobalSection(SolutionConfigurationPlatforms) = preSolution
		Debug|Any CPU = Debug|Any CPU
		Release|Any CPU = Release|Any CPU
	EndGlobalSection
	GlobalSection(SolutionProperties) = preSolution
		HideSolutionNode = FALSE
	EndGlobalSection
	GlobalSection(ProjectConfigurationPlatforms) = postSolution
		{8FCE0359-6BC4-4FD1-BE04-E0AC5C7797D8}.Debug|Any CPU.ActiveCfg = Debug|Any CPU
		{8FCE0359-6BC4-4FD1-BE04-E0AC5C7797D8}.Debug|Any CPU.Build.0 = Debug|Any CPU
		{8FCE0359-6BC4-4FD1-BE04-E0AC5C7797D8}.Release|Any CPU.ActiveCfg = Release|Any CPU
		{8FCE0359-6BC4-4FD1-BE04-E0AC5C7797D8}.Release|Any CPU.Build.0 = Release|Any CPU
	EndGlobalSection
	GlobalSection(NestedProjects) = preSolution
		{8FCE0359-6BC4-4FD1-BE04-E0AC5C7797D8} = {03BC87AE-8BF1-424A-ACC9-17588FD5A116}
	EndGlobalSection
EndGlobal
